github.com/bassosimone/dnscodec v0.0.0-20261005145128-388641c61fb4 h1:66C5uWnSPYj3oZG/pd96seVUmiXuMvp4LkOMQBckyMY=
github.com/bassosimone/dnscodec v0.0.0-20261005145128-388641c61fb4/go.mod h1:8be2gr/9QC3TX09dMfXh5i7f8kWiXln/eexZL7mxTPw=
github.com/bassosimone/dnsoverhttps v0.0.0-20261006065313-d3b927428e25 h1:uzrDRFBYV85A22B7je6CrHXbtN6pqKKrLVfaP9OL6Ug=
github.com/bassosimone/dnsoverhttps v0.0.0-20261006065313-d3b927428e25/go.mod h1:uXa0hD+dMv49Mq7Dvzv3ps4BQh8Rv4Qeu7Qnhu47aUM=
github.com/bassosimone/dnsoverstream v0.0.0-20261006065349-d8d1d8b12cae h1:4AXubYTdxRgzf7KLWII+8JOt8h02wd2sHV424tIGUNQ=
github.com/bassosimone/dnsoverstream v0.0.0-20261006065349-d8d1d8b12cae/go.mod h1:7AeCOdIuMC98O8XrZ+HWqEJ3XdPfCuHu7mohAUWj+SU=
github.com/bassosimone/dnstest v0.0.0-20261005145717-2d50c4555014 h1:TlgAkMrtVMfJql61yCRiGGSwZC0SCBNn7Jj2D7E5aL8=
github.com/bassosimone/dnstest v0.0.0-20261005145717-2d50c4555014/go.mod h1:Yvcrbz0TUW+YBP5VoWfkLpznf0DckLslUPgqpF+V24E=
github.com/bassosimone/errclass v0.0.0-20261005144716-2d461da39b74 h1:ClmeAgOsdGsEmyzoRC6zsOSiAS+GukwNviPsabclRgE=
github.com/bassosimone/errclass v0.0.0-20261005144716-2d461da39b74/go.mod h1:sQxfND7rwso9FT9cexdBsWTmRa367CyhWTixnnV+Yw4=
github.com/bassosimone/httptestx v0.0.0-20261005145309-8a37350e882e h1:FUenSg9i0K8UiD0SII5ogoO56CZaUbxlo9lBXe3tSlg=
github.com/bassosimone/httptestx v0.0.0-20261005145309-8a37350e882e/go.mod h1:CXntY0x2Z10QR8jIjoaegN1Ptv+ib5hM5v+RtaHCCLw=
github.com/bassosimone/iotest v0.0.0-20261005145345-0eb37e4e40a1 h1:HLphCy3Q8Hleao9SCQZWvELlthq2RrH5fXJeUp/zZPI=
github.com/bassosimone/iotest v0.0.0-20261005145345-0eb37e4e40a1/go.mod h1:iUFUxubsNTYvTyTJippuwVwOUY4oYyhrNyHfRvuKjn0=
github.com/bassosimone/iox v0.0.0-20261005145813-ba7aa6d554ea h1:fGpo9kax9ZJ/t57IsH94+Xc0de0x+45vzfeEIF8da9k=
github.com/bassosimone/iox v0.0.0-20261005145813-ba7aa6d554ea/go.mod h1:rl8AasJLNGMwDXpNv2slGqmyVKjZ//TSM3j767j6lWk=
github.com/bassosimone/minest v0.0.0-20261006065427-c31e3377405b h1:MDrzJVjAQSHRWI7hc73UhBUaM6jZ1i/bX7tpfg17AXM=
github.com/bassosimone/minest v0.0.0-20261006065427-c31e3377405b/go.mod h1:aN7ZXNYJfRHlUdJZ3eK1WBxYJEbXVQnbN2CK7+ZYN/g=
github.com/bassosimone/netstub v0.0.0-20261005145417-323ef9359fb2 h1:SBiWbtvLV5o5hlV6ev2OpDnUlNAvlLMBera23XXy3f0=
github.com/bassosimone/netstub v0.0.0-20261005145417-323ef9359fb2/go.mod h1:G/2jKW1tkGBX3d2uJwm9LobcvdA8cquj4BP0eF4LAmI=
github.com/bassosimone/pkitest v0.0.0-20261005145452-7b85881f912d h1:sSnMO31joutMWujPwqs+scoRN5twRObMkk2XZRN71aE=
github.com/bassosimone/pkitest v0.0.0-20261005145452-7b85881f912d/go.mod h1:2KJWmQuaY/fn7rrufVu3EwbfqO5Py+oNj3ln9WknUmE=
github.com/bassosimone/runtimex v0.0.0-20261005144844-77dc639b0e90 h1:crpeakr4bPQGTsV25nbtVXB72cwfk1wnZc2HF3fE1KE=
github.com/bassosimone/runtimex v0.0.0-20261005144844-77dc639b0e90/go.mod h1:2aW76skIZNS7ljOpIqU3eARVLmtb0AG/Gab4aegSkTA=
github.com/bassosimone/safeconn v0.0.0-20261005145944-9035df85f071 h1:DBbZo67LGRhlLGt3uV9so3E//UYOigi9A7cFLBfs8g8=
github.com/bassosimone/safeconn v0.0.0-20261005145944-9035df85f071/go.mod h1:8VRhi4wcUZ33KPw5mvP0dyyW4/+h7NVJESAINBEMEZI=
github.com/bassosimone/slogstub v0.0.0-20261005145520-2cadff8cc373 h1:fuVMiBd9gJQPgX10BA8VViZZ48/0KBN6OYrqxPpU3r8=
github.com/bassosimone/slogstub v0.0.0-20261005145520-2cadff8cc373/go.mod h1:ACsg7A9nc8ipLk/WSnIv2VkrzkcKjwq0ve2cB/fNGUc=
github.com/bassosimone/sud v0.0.0-20261005144921-ab7834eb8950 h1:3aQsWUNGJnl1OBMJpLXCkk3H64TPsTJcM+crUM2n3yw=
github.com/bassosimone/sud v0.0.0-20261005144921-ab7834eb8950/go.mod h1:rWgLB1knwP392RwXnPA0FOlfHmzPpLJD/1KrHg+ev1I=
github.com/bassosimone/tlsstub v0.0.0-20261005150048-23e55cadc490 h1:2RKJGmtQDJIDLTMuAu9Psf880datD5rGSlIINsFCldM=
github.com/bassosimone/tlsstub v0.0.0-20261005150048-23e55cadc490/go.mod h1:jyj1s7p8M8capZ6rQ9cY56c6IxfQqjCJvcr9frl6apI=
github.com/google/uuid v1.6.0 h1:NIvaJDMOsjHA8n1jAhLSgzrAzy1Hgr+hNrb57e+94F0=
github.com/google/uuid v1.6.0/go.mod h1:TIyPZe4MgqvfeYDBFedMoGGpEw/LqOeaOT+nhxU+yHo=
github.com/miekg/dns v1.1.73 h1:uhT8nJxmTrPJYClxVxTCX+CVn6qnzSiybRk72Z6DgrE=
github.com/miekg/dns v1.1.73/go.mod h1:RW2Obtfd5NZHvOFe3zYG0W8koWOQtAzyHaLo8vASBuQ=
github.com/quic-go/go-ossfuzz-seeds v0.1.0 h1:APacT+iIaNF6fd8AGEiN3bT/Jtkd2jz4v4TzM7MFjy0=
github.com/quic-go/go-ossfuzz-seeds v0.1.0/go.mod h1:3IOHRbJIc+L6YKMwfDtJAM9Vj9k0YY4muhuyUYk5tbk=
github.com/quic-go/qpack v0.6.0 h1:g7W+BMYynC1LbYLSqRt8PBg5Tgwxn214ZZR34VIOjz8=
github.com/quic-go/qpack v0.6.0/go.mod h1:lUpLKChi8njB4ty2bFLX2x4gzDqXwUpaO1DP9qMDZII=
github.com/quic-go/quic-go v0.63.0 h1:LIFGHI4PFUhhw2dDD1ARHdCff143ffMHwZtbnbuJ78A=
github.com/quic-go/quic-go v0.63.0/go.mod h1:RAro2j2yN9a9EiPACLHT9IB2NXCvGQmmo/alT0yYI0w=
github.com/rogpeppe/go-internal v1.16.0 h1:O9DK+vNMDVGLr2BeZqmpLeMjiMNkuXfcqntWbZV6S5g=
github.com/rogpeppe/go-internal v1.16.0/go.mod h1:DrUVZyrJU+txYW5/1kwtXQSMFio52ZOxX7yM1VHvnxs=
github.com/stretchr/testify v1.12.1 h1:EuwCh5fleGS7H32xRwO3wRGT7DxrDhLAT6FF8MpWDWE=
github.com/stretchr/testify v1.12.1/go.mod h1:MDEgiDPPsNp5cuIrHPPCyornHKgEVbtFUmoNlxoYthg=
go.uber.org/mock v0.5.2 h1:LbtPTcP8A5k9WPXj54PPPbjcI4Y6lhyOZXn+VS7wNko=
go.uber.org/mock v0.5.2/go.mod h1:wLlUxC2vVTPTaE3UD51E0BGOAElKrILxhVSDYQLld5o=
go.yaml.in/yaml/v3 v3.0.5 h1:N6y/pJk8buWs9NY5ERU2HSMfm+IuD/OtfdAnq6kESPw=
go.yaml.in/yaml/v3 v3.0.5/go.mod h1:HVTZu1O7/Vkt2N+BFy8Zza+lnLsABggaTM2ZpNIGuKg=
golang.org/x/crypto v0.57.0 h1:3ZVCjf8Ggz7zneR/EHRVx68Ctf+2pmIMP2UFhh9cC6M=
golang.org/x/crypto v0.57.0/go.mod h1:Fdz0i5U6CoizGwLda9DttjSk6qlZo25zYNtR+ycvuZA=
golang.org/x/net v0.59.0 h1:5zfYln+w5XCxwrnMMJPufRgNoXEaGxl0wo5GqPXyues=
golang.org/x/net v0.59.0/go.mod h1:2DA/G1UfVbCpQPeWTmMPGY7Cs2PkBkwu743bVX5PIVg=
golang.org/x/sync v0.23.0 h1:KameEIfc1IkluZyXWLn39Wd4tURc6GbCiISGiZm2bQk=
golang.org/x/sync v0.23.0/go.mod h1:sUUOizhqBxiL6pEWpqNLUiaJn1ShEbZ6BBqskPbjZm0=
golang.org/x/sys v0.48.0 h1:bbX/i/6MgT9BVLM9RT1thmxL04yeTAhbEz4SyadbXoo=
golang.org/x/sys v0.48.0/go.mod h1:hNLxWAXmnKAxqDtdwIYC4bM9oQPEecfsnNMuSxOs3og=
golang.org/x/text v0.42.0 h1:JbOZXgfeCPU9gacVtYliJqOhD+zhrEqK4LfdpmlUZqI=
golang.org/x/text v0.42.0/go.mod h1:ojzP1Z+2QtioaF8DTtO8K5q7JWVVYwZKenzujK0Zd0E=
