github.com/bassosimone/dnscodec v0.0.0-20260426211622-1c3a8bede978 h1:pCVWvRTedm7kdXHevC5xVugUpaqGX7vjTlATERmYmck=
github.com/bassosimone/dnscodec v0.0.0-20260426211622-1c3a8bede978/go.mod h1:fgM5KpzzFS1acChPm1z6y/Bq2WrNsGSwODVNNeFH5sM=
github.com/bassosimone/dnsoverhttps v0.0.0-20260426221555-f37e14290582 h1:vnOzfTJyQguj0F+kueGvKrGXXu13UdLGVgnwX5Hz4Jo=
github.com/bassosimone/dnsoverhttps v0.0.0-20260426221555-f37e14290582/go.mod h1:3epWy94pkDgRWeN+A6nnQZ/22UsG7ZEnhVxgvMK1AMY=
github.com/bassosimone/dnsoverstream v0.0.0-20260426221905-8221a0ac6c73 h1:kZDfvn7kMS2esEy5EE3AN1CbOWtKL5vERMDGxzWPDzE=
github.com/bassosimone/dnsoverstream v0.0.0-20260426221905-8221a0ac6c73/go.mod h1:6BwgrUFQh8o0noOo7+rntEHBNt/U/EOJIrp3bxp32SI=
github.com/bassosimone/dnstest v0.0.0-20260426214552-21e88fb85db8 h1:a42aOfG4HIIUKx83bKnMfWoFOtRqgsDh+z+tyJzSPmY=
github.com/bassosimone/dnstest v0.0.0-20260426214552-21e88fb85db8/go.mod h1:+RFiMEo1/cCSSKWyI7Khxl+JscBUeK5MeODfRXtlWM0=
github.com/bassosimone/errclass v0.0.0-20260426205150-1fa50e45d6c2 h1:61fiwtQvQHjjeFiZhus6BEyyWlNKvmbrUgnN6WbJzBg=
github.com/bassosimone/errclass v0.0.0-20260426205150-1fa50e45d6c2/go.mod h1:GCpceZPbPmWofMO3pA+0mKdP27QQRoXnifoo2Lx4jnU=
github.com/bassosimone/httptestx v0.0.0-20260426212535-33dc158163ef h1:52eNWHy1UmnWTCpxYMJoJYNWnM+OtJ42oe4ohY9NVa8=
github.com/bassosimone/httptestx v0.0.0-20260426212535-33dc158163ef/go.mod h1:pxX9BWONZzUuOE2vl/7Z1z+nx2fFwPN736XneARGmPI=
github.com/bassosimone/iotest v0.0.0-20260426212837-fa8b1585cfa5 h1:6dmAN7cOwsQeFq1pzX4ilHHPnvmOSWAjuCi2rd6RDFY=
github.com/bassosimone/iotest v0.0.0-20260426212837-fa8b1585cfa5/go.mod h1:3L7N5GvohVv1F3zd5IQ0olXRLDYIXWW9Mc4eG58Le0w=
github.com/bassosimone/iox v0.0.0-20260426214925-279941bc5e89 h1:titRjKvL9SitgKVt+7Mp11ZclXQrneKKcVprXPQ6Z54=
github.com/bassosimone/iox v0.0.0-20260426214925-279941bc5e89/go.mod h1:jP/E5qYk57gkivq5T8fKbMYLmBZq495fH6BG0BojVkc=
github.com/bassosimone/minest v0.0.0-20260426222227-6fb8d662048b h1:CEduU95OlpHAeEAO/w80M8kM4wHKKpuNuKdT+CKmIzo=
github.com/bassosimone/minest v0.0.0-20260426222227-6fb8d662048b/go.mod h1:OaHdw6/YKRGSfTVrY750p2JBdrUfzKtUs7BY/jQF1vs=
github.com/bassosimone/netstub v0.0.0-20260426213312-fbfe4d63df96 h1:lVv+bEA/rAorljvFSZOB4DxQJcsbI3L/dKYvhLKDSGw=
github.com/bassosimone/netstub v0.0.0-20260426213312-fbfe4d63df96/go.mod h1:rNWlVo7zM9vYN7OQYNsOGawok/8ENhcCBQv4k1ovffA=
github.com/bassosimone/pkitest v0.0.0-20260426214024-1be367af2507 h1:GxSbEEXfU6bIUamyITxs+1YO+4FrvOwIa0Qk5MRzpf8=
github.com/bassosimone/pkitest v0.0.0-20260426214024-1be367af2507/go.mod h1:OwsU0cdyxTPUXN/UTvOyX8Y3iQwXnKUI4MQ4w7LOso0=
github.com/bassosimone/runtimex v0.0.0-20260426205938-f859235d82e0 h1:wyPaBOiRsojCYgBtGSNWEZOn8HAJunrWYfduNGmc59A=
github.com/bassosimone/runtimex v0.0.0-20260426205938-f859235d82e0/go.mod h1:GDr46yuJzuDkzOMI1/9Voo3s7VmYBU/6pkuaI5FR7gE=
github.com/bassosimone/safeconn v0.0.0-20260426215919-b0d8b7d54c27 h1:Uu1TH3ZX9bJKH4tJMLxFObrYS6qT6QO7QYBHWhpohMU=
github.com/bassosimone/safeconn v0.0.0-20260426215919-b0d8b7d54c27/go.mod h1:OhIwDfU48Vv1RH7t0Gd2zRq80mNBIEJn0hXo3jdv8Jg=
github.com/bassosimone/slogstub v0.0.0-20260426214243-1c4a86765e45 h1:vSQpkMxAlfc7iK6VgttJUhExUsQPvfkGSyoN29uVAdw=
github.com/bassosimone/slogstub v0.0.0-20260426214243-1c4a86765e45/go.mod h1:iHPOTGom03YczOzaEHBFezFEwWVJDAiWJXTMvaNtSNM=
github.com/bassosimone/sud v0.0.0-20260426210353-8fe74537d13b h1:axibKqMXFwN8v1c1wiQ6dQojMwYTI+7oJR4oHwa6h9A=
github.com/bassosimone/sud v0.0.0-20260426210353-8fe74537d13b/go.mod h1:Gph/U7qWlDbUYy+Q5vbwBymog3nQ0zxc+12PVXGgRsY=
github.com/bassosimone/tlsstub v0.0.0-20260426220249-e92be108a330 h1:M76VXA71rl7MhSeypDhFoGNau2pnddQYoG6N2pybbQI=
github.com/bassosimone/tlsstub v0.0.0-20260426220249-e92be108a330/go.mod h1:MV2No/qlWkr0YxZqY4YiKaUIBOgZff1uDdKKCs2rlxc=
github.com/davecgh/go-spew v1.1.1 h1:vj9j/u1bqnvCEfJOwUhtlOARqs3+rkHYY13jYWTU97c=
github.com/davecgh/go-spew v1.1.1/go.mod h1:J7Y8YcW2NihsgmVo/mv3lAwl/skON4iLHjSsI+c5H38=
github.com/google/go-cmp v0.6.0 h1:ofyhxvXcZhMsU5ulbFiLKl/XBFqE1GSq7atu8tAmTRI=
github.com/google/go-cmp v0.6.0/go.mod h1:17dUlkBOakJ0+DkrSSNjCkIjxS6bF9zb3elmeNGIjoY=
github.com/google/uuid v1.6.0 h1:NIvaJDMOsjHA8n1jAhLSgzrAzy1Hgr+hNrb57e+94F0=
github.com/google/uuid v1.6.0/go.mod h1:TIyPZe4MgqvfeYDBFedMoGGpEw/LqOeaOT+nhxU+yHo=
github.com/kr/pretty v0.3.1 h1:flRD4NNwYAUpkphVc1HcthR4KEIFJ65n8Mw5qdRn3LE=
github.com/kr/pretty v0.3.1/go.mod h1:hoEshYVHaxMs3cyo3Yncou5ZscifuDolrwPKZanG3xk=
github.com/kr/text v0.2.0 h1:5Nx0Ya0ZqY2ygV366QzturHI13Jq95ApcVaJBhpS+AY=
github.com/kr/text v0.2.0/go.mod h1:eLer722TekiGuMkidMxC/pM04lWEeraHUUmBw8l2grE=
github.com/miekg/dns v1.1.72 h1:vhmr+TF2A3tuoGNkLDFK9zi36F2LS+hKTRW0Uf8kbzI=
github.com/miekg/dns v1.1.72/go.mod h1:+EuEPhdHOsfk6Wk5TT2CzssZdqkmFhf8r+aVyDEToIs=
github.com/pmezard/go-difflib v1.0.0 h1:4DBwDE0NGyQoBHbLQYPwSUPoCMWR5BEzIk/f1lZbAQM=
github.com/pmezard/go-difflib v1.0.0/go.mod h1:iKH77koFhYxTK1pcRnkKkqfTogsbg7gZNVY4sRDYZ/4=
github.com/quic-go/qpack v0.6.0 h1:g7W+BMYynC1LbYLSqRt8PBg5Tgwxn214ZZR34VIOjz8=
github.com/quic-go/qpack v0.6.0/go.mod h1:lUpLKChi8njB4ty2bFLX2x4gzDqXwUpaO1DP9qMDZII=
github.com/quic-go/quic-go v0.59.0 h1:OLJkp1Mlm/aS7dpKgTc6cnpynnD2Xg7C1pwL6vy/SAw=
github.com/quic-go/quic-go v0.59.0/go.mod h1:upnsH4Ju1YkqpLXC305eW3yDZ4NfnNbmQRCMWS58IKU=
github.com/rogpeppe/go-internal v1.14.1 h1:UQB4HGPB6osV0SQTLymcB4TgvyWu6ZyliaW0tI/otEQ=
github.com/rogpeppe/go-internal v1.14.1/go.mod h1:MaRKkUm5W0goXpeCfT7UZI6fk/L7L7so1lCWt35ZSgc=
github.com/stretchr/testify v1.11.1 h1:7s2iGBzp5EwR7/aIZr8ao5+dra3wiQyKjjFuvgVKu7U=
github.com/stretchr/testify v1.11.1/go.mod h1:wZwfW3scLgRK+23gO65QZefKpKQRnfz6sD981Nm4B6U=
go.uber.org/mock v0.5.2 h1:LbtPTcP8A5k9WPXj54PPPbjcI4Y6lhyOZXn+VS7wNko=
go.uber.org/mock v0.5.2/go.mod h1:wLlUxC2vVTPTaE3UD51E0BGOAElKrILxhVSDYQLld5o=
golang.org/x/crypto v0.50.0 h1:zO47/JPrL6vsNkINmLoo/PH1gcxpls50DNogFvB5ZGI=
golang.org/x/crypto v0.50.0/go.mod h1:3muZ7vA7PBCE6xgPX7nkzzjiUq87kRItoJQM1Yo8S+Q=
golang.org/x/mod v0.35.0 h1:Ww1D637e6Pg+Zb2KrWfHQUnH2dQRLBQyAtpr/haaJeM=
golang.org/x/mod v0.35.0/go.mod h1:+GwiRhIInF8wPm+4AoT6L0FA1QWAad3OMdTRx4tFYlU=
golang.org/x/net v0.53.0 h1:d+qAbo5L0orcWAr0a9JweQpjXF19LMXJE8Ey7hwOdUA=
golang.org/x/net v0.53.0/go.mod h1:JvMuJH7rrdiCfbeHoo3fCQU24Lf5JJwT9W3sJFulfgs=
golang.org/x/sync v0.20.0 h1:e0PTpb7pjO8GAtTs2dQ6jYa5BWYlMuX047Dco/pItO4=
golang.org/x/sync v0.20.0/go.mod h1:9xrNwdLfx4jkKbNva9FpL6vEN7evnE43NNNJQ2LF3+0=
golang.org/x/sys v0.43.0 h1:Rlag2XtaFTxp19wS8MXlJwTvoh8ArU6ezoyFsMyCTNI=
golang.org/x/sys v0.43.0/go.mod h1:4GL1E5IUh+htKOUEOaiffhrAeqysfVGipDYzABqnCmw=
golang.org/x/text v0.36.0 h1:JfKh3XmcRPqZPKevfXVpI1wXPTqbkE5f7JA92a55Yxg=
golang.org/x/text v0.36.0/go.mod h1:NIdBknypM8iqVmPiuco0Dh6P5Jcdk8lJL0CUebqK164=
golang.org/x/tools v0.44.0 h1:UP4ajHPIcuMjT1GqzDWRlalUEoY+uzoZKnhOjbIPD2c=
golang.org/x/tools v0.44.0/go.mod h1:KA0AfVErSdxRZIsOVipbv3rQhVXTnlU6UhKxHd1seDI=
gopkg.in/check.v1 v0.0.0-20161208181325-20d25e280405/go.mod h1:Co6ibVJAznAaIkqp8huTwlJQCZ016jof/cbN4VW5Yz0=
gopkg.in/check.v1 v1.0.0-20201130134442-10cb98267c6c h1:Hei/4ADfdWqJk1ZMxUNpqntNwaWcugrBjAiHlqqRiVk=
gopkg.in/check.v1 v1.0.0-20201130134442-10cb98267c6c/go.mod h1:JHkPIbrfpd72SG/EVd6muEfDQjcINNoR0C8j2r3qZ4Q=
gopkg.in/yaml.v3 v3.0.1 h1:fxVm/GzAzEWqLHuvctI91KS9hhNmmWOoWu0XTYJS7CA=
gopkg.in/yaml.v3 v3.0.1/go.mod h1:K4uyk7z7BCEPqu6E+C64Yfv1cQ7kz7rIZviUmN+EgEM=
