github.com/bassosimone/dnscodec v0.0.0-20260506051025-477fb6fc65dd h1:+j0o0w1gTNgiIl2zUqUkrcPtQkNBMaBW9hr/aDNLTnM=
github.com/bassosimone/dnscodec v0.0.0-20260506051025-477fb6fc65dd/go.mod h1:vXo9l0ZZzwS9LQkWnmrV6EaELHR3vc8W+2OEeZfppJg=
github.com/bassosimone/dnsoverhttps v0.0.0-20260506052810-c4565ac4b0e7 h1:UYtLg5rVw2zpqPpAZK3AowuFcF15oITZnFr3hh88dX4=
github.com/bassosimone/dnsoverhttps v0.0.0-20260506052810-c4565ac4b0e7/go.mod h1:FZfGgHUm5NRye2Pf0tEFMFolO9Fgie/buMnf+G7XCMY=
github.com/bassosimone/dnsoverstream v0.0.0-20260506052915-9fb5eccc166e h1:pzQiNCaxsCTNAgLL0C2X1+PVMdWuktZbaX3nOw756Vc=
github.com/bassosimone/dnsoverstream v0.0.0-20260506052915-9fb5eccc166e/go.mod h1:TZv4i5VUoFuIOys+ujUzd9Pxm5KJoPktGaNl4kZwDhM=
github.com/bassosimone/dnstest v0.0.0-20260506051800-2638107a5039 h1:QgwvN0nFwX3DvGDEt3ZMsmDjT5+0jMhv9S1X/oX25fQ=
github.com/bassosimone/dnstest v0.0.0-20260506051800-2638107a5039/go.mod h1:Z96wgiKdmvSeECtlIQWaIGHtrR8m31FbemtyoSDoFGg=
github.com/bassosimone/errclass v0.0.0-20260426205150-1fa50e45d6c2 h1:61fiwtQvQHjjeFiZhus6BEyyWlNKvmbrUgnN6WbJzBg=
github.com/bassosimone/errclass v0.0.0-20260426205150-1fa50e45d6c2/go.mod h1:GCpceZPbPmWofMO3pA+0mKdP27QQRoXnifoo2Lx4jnU=
github.com/bassosimone/httptestx v0.0.0-20260506051242-d303e6bb1271 h1:llLfR8ZC4qa4zVgo2hmMXYB6olMe9anxyUZSfU35NSQ=
github.com/bassosimone/httptestx v0.0.0-20260506051242-d303e6bb1271/go.mod h1:3GckfKwTzcdOYp95zyJR72QScwUTyBWmatl/3uCLqNM=
github.com/bassosimone/iotest v0.0.0-20260506051330-9d159be61497 h1:dZ2lNZi24GgwVbfzQjwNBAXv4hD5CDqMxdqTQMU+sbQ=
github.com/bassosimone/iotest v0.0.0-20260506051330-9d159be61497/go.mod h1:npbI/mUlHQSBoA1XocBVueDfPGJnGZQOjChuegKLBOA=
github.com/bassosimone/iox v0.0.0-20260506051907-b5f387f87f77 h1:C0mOxg63QxgOtE+MN1OOORSq464aYIi7iy9Bp49FLgE=
github.com/bassosimone/iox v0.0.0-20260506051907-b5f387f87f77/go.mod h1:VxqICUVyaevwj7BeChFPpNKPx75WfFF1/wccUU6cCDg=
github.com/bassosimone/minest v0.0.0-20260506053106-e356f0714ff1 h1:kjI2L5C6iMB92W+sFU2zuwvoKV/iCG3aGcpI1/8duDU=
github.com/bassosimone/minest v0.0.0-20260506053106-e356f0714ff1/go.mod h1:rdLr+81BK7j3Jrj7kQYfnqrako4BPSseDBlPDcRZi6c=
github.com/bassosimone/netstub v0.0.0-20260506051424-2560572cc9cf h1:9iAGWDajCdBRChHJDsbAlmCufTU+D0LuHhQmJuq/RuM=
github.com/bassosimone/netstub v0.0.0-20260506051424-2560572cc9cf/go.mod h1:aJD3lxM7s9WJFmyUMtEFyMs4wx3G1LuHq3BEqCY/T/w=
github.com/bassosimone/pkitest v0.0.0-20260506051517-569dfef1de64 h1:JiMNO+us5KdVZvQm/55Ykh/jkO22e5RXjcY2QIuMCb4=
github.com/bassosimone/pkitest v0.0.0-20260506051517-569dfef1de64/go.mod h1:bXeIuSuGhYIUx9QGO+1MCdM6dvxwU/q2+XCn9kQLUmU=
github.com/bassosimone/runtimex v0.0.0-20260430082757-ec3a7b516e79 h1:VQxTT57beKhMX5Bcg3YpUArUG9l2zNqAhcjddzFmwSg=
github.com/bassosimone/runtimex v0.0.0-20260430082757-ec3a7b516e79/go.mod h1:GDr46yuJzuDkzOMI1/9Voo3s7VmYBU/6pkuaI5FR7gE=
github.com/bassosimone/safeconn v0.0.0-20260506052055-951e9acc14d4 h1:Ga+7VI9U/8uwsxDAScyUnV+Ri+apFc+Yf5F5XPuBavA=
github.com/bassosimone/safeconn v0.0.0-20260506052055-951e9acc14d4/go.mod h1:9yHSsqpZDKT9YslJf/vsRtzr6txkJypyYz2rIHfE03w=
github.com/bassosimone/slogstub v0.0.0-20260506051608-03d2fd648e63 h1:5cUJiody+ZWhVAPLYP7THH+WYAi//iLMKJ4vHId+Kp4=
github.com/bassosimone/slogstub v0.0.0-20260506051608-03d2fd648e63/go.mod h1:xHFaTG6RiY6/4eei1iXcmaL4FrhPEAVNx7vxgUfGU3s=
github.com/bassosimone/sud v0.0.0-20260426210353-8fe74537d13b h1:axibKqMXFwN8v1c1wiQ6dQojMwYTI+7oJR4oHwa6h9A=
github.com/bassosimone/sud v0.0.0-20260426210353-8fe74537d13b/go.mod h1:Gph/U7qWlDbUYy+Q5vbwBymog3nQ0zxc+12PVXGgRsY=
github.com/bassosimone/tlsstub v0.0.0-20260506052251-88e714b344e9 h1:1WTY9n8zu9atVzxyWq3C/eFba8VYRc8B5hsu8Qx+7I4=
github.com/bassosimone/tlsstub v0.0.0-20260506052251-88e714b344e9/go.mod h1:xRmhbqnrusUljI2pycbOd5DzmGGCuxd/4AwEJRkhpTQ=
github.com/davecgh/go-spew v1.1.1 h1:vj9j/u1bqnvCEfJOwUhtlOARqs3+rkHYY13jYWTU97c=
github.com/davecgh/go-spew v1.1.1/go.mod h1:J7Y8YcW2NihsgmVo/mv3lAwl/skON4iLHjSsI+c5H38=
github.com/google/go-cmp v0.6.0 h1:ofyhxvXcZhMsU5ulbFiLKl/XBFqE1GSq7atu8tAmTRI=
github.com/google/go-cmp v0.6.0/go.mod h1:17dUlkBOakJ0+DkrSSNjCkIjxS6bF9zb3elmeNGIjoY=
github.com/google/uuid v1.6.0 h1:NIvaJDMOsjHA8n1jAhLSgzrAzy1Hgr+hNrb57e+94F0=
github.com/google/uuid v1.6.0/go.mod h1:TIyPZe4MgqvfeYDBFedMoGGpEw/LqOeaOT+nhxU+yHo=
github.com/kr/pretty v0.3.1 h1:flRD4NNwYAUpkphVc1HcthR4KEIFJ65n8Mw5qdRn3LE=
github.com/kr/pretty v0.3.1/go.mod h1:hoEshYVHaxMs3cyo3Yncou5ZscifuDolrwPKZanG3xk=
github.com/kr/text v0.2.0 h1:5Nx0Ya0ZqY2ygV366QzturHI13Jq95ApcVaJBhpS+AY=
github.com/kr/text v0.2.0/go.mod h1:eLer722TekiGuMkidMxC/pM04lWEeraHUUmBw8l2grE=
github.com/miekg/dns v1.1.72 h1:vhmr+TF2A3tuoGNkLDFK9zi36F2LS+hKTRW0Uf8kbzI=
github.com/miekg/dns v1.1.72/go.mod h1:+EuEPhdHOsfk6Wk5TT2CzssZdqkmFhf8r+aVyDEToIs=
github.com/pmezard/go-difflib v1.0.0 h1:4DBwDE0NGyQoBHbLQYPwSUPoCMWR5BEzIk/f1lZbAQM=
github.com/pmezard/go-difflib v1.0.0/go.mod h1:iKH77koFhYxTK1pcRnkKkqfTogsbg7gZNVY4sRDYZ/4=
github.com/quic-go/qpack v0.6.0 h1:g7W+BMYynC1LbYLSqRt8PBg5Tgwxn214ZZR34VIOjz8=
github.com/quic-go/qpack v0.6.0/go.mod h1:lUpLKChi8njB4ty2bFLX2x4gzDqXwUpaO1DP9qMDZII=
github.com/quic-go/quic-go v0.59.0 h1:OLJkp1Mlm/aS7dpKgTc6cnpynnD2Xg7C1pwL6vy/SAw=
github.com/quic-go/quic-go v0.59.0/go.mod h1:upnsH4Ju1YkqpLXC305eW3yDZ4NfnNbmQRCMWS58IKU=
github.com/rogpeppe/go-internal v1.14.1 h1:UQB4HGPB6osV0SQTLymcB4TgvyWu6ZyliaW0tI/otEQ=
github.com/rogpeppe/go-internal v1.14.1/go.mod h1:MaRKkUm5W0goXpeCfT7UZI6fk/L7L7so1lCWt35ZSgc=
github.com/stretchr/testify v1.11.1 h1:7s2iGBzp5EwR7/aIZr8ao5+dra3wiQyKjjFuvgVKu7U=
github.com/stretchr/testify v1.11.1/go.mod h1:wZwfW3scLgRK+23gO65QZefKpKQRnfz6sD981Nm4B6U=
go.uber.org/mock v0.5.2 h1:LbtPTcP8A5k9WPXj54PPPbjcI4Y6lhyOZXn+VS7wNko=
go.uber.org/mock v0.5.2/go.mod h1:wLlUxC2vVTPTaE3UD51E0BGOAElKrILxhVSDYQLld5o=
golang.org/x/crypto v0.50.0 h1:zO47/JPrL6vsNkINmLoo/PH1gcxpls50DNogFvB5ZGI=
golang.org/x/crypto v0.50.0/go.mod h1:3muZ7vA7PBCE6xgPX7nkzzjiUq87kRItoJQM1Yo8S+Q=
golang.org/x/mod v0.35.0 h1:Ww1D637e6Pg+Zb2KrWfHQUnH2dQRLBQyAtpr/haaJeM=
golang.org/x/mod v0.35.0/go.mod h1:+GwiRhIInF8wPm+4AoT6L0FA1QWAad3OMdTRx4tFYlU=
golang.org/x/net v0.53.0 h1:d+qAbo5L0orcWAr0a9JweQpjXF19LMXJE8Ey7hwOdUA=
golang.org/x/net v0.53.0/go.mod h1:JvMuJH7rrdiCfbeHoo3fCQU24Lf5JJwT9W3sJFulfgs=
golang.org/x/sync v0.20.0 h1:e0PTpb7pjO8GAtTs2dQ6jYa5BWYlMuX047Dco/pItO4=
golang.org/x/sync v0.20.0/go.mod h1:9xrNwdLfx4jkKbNva9FpL6vEN7evnE43NNNJQ2LF3+0=
golang.org/x/sys v0.43.0 h1:Rlag2XtaFTxp19wS8MXlJwTvoh8ArU6ezoyFsMyCTNI=
golang.org/x/sys v0.43.0/go.mod h1:4GL1E5IUh+htKOUEOaiffhrAeqysfVGipDYzABqnCmw=
golang.org/x/text v0.36.0 h1:JfKh3XmcRPqZPKevfXVpI1wXPTqbkE5f7JA92a55Yxg=
golang.org/x/text v0.36.0/go.mod h1:NIdBknypM8iqVmPiuco0Dh6P5Jcdk8lJL0CUebqK164=
golang.org/x/tools v0.44.0 h1:UP4ajHPIcuMjT1GqzDWRlalUEoY+uzoZKnhOjbIPD2c=
golang.org/x/tools v0.44.0/go.mod h1:KA0AfVErSdxRZIsOVipbv3rQhVXTnlU6UhKxHd1seDI=
gopkg.in/check.v1 v0.0.0-20161208181325-20d25e280405/go.mod h1:Co6ibVJAznAaIkqp8huTwlJQCZ016jof/cbN4VW5Yz0=
gopkg.in/check.v1 v1.0.0-20201130134442-10cb98267c6c h1:Hei/4ADfdWqJk1ZMxUNpqntNwaWcugrBjAiHlqqRiVk=
gopkg.in/check.v1 v1.0.0-20201130134442-10cb98267c6c/go.mod h1:JHkPIbrfpd72SG/EVd6muEfDQjcINNoR0C8j2r3qZ4Q=
gopkg.in/yaml.v3 v3.0.1 h1:fxVm/GzAzEWqLHuvctI91KS9hhNmmWOoWu0XTYJS7CA=
gopkg.in/yaml.v3 v3.0.1/go.mod h1:K4uyk7z7BCEPqu6E+C64Yfv1cQ7kz7rIZviUmN+EgEM=
